
Microsoft Visual Studio Solution File, Format Version 12.00
# Visual Studio Version 17
VisualStudioVersion = 17.5.33414.496
MinimumVisualStudioVersion = 10.0.40219.1
Project("{9A19103F-16F7-4668-BE54-9A1E7A4F7556}") = "ClassProject", "ClassProject\ClassProject.csproj", "{61F733A8-63AA-47C0-86AE-F529F1131E67}"
EndProject
Project("{9A19103F-16F7-4668-BE54-9A1E7A4F7556}") = "ConsoleApp1", "ConsoleApp1\ConsoleApp1.csproj", "{27238A67-57E4-4066-9DB1-1E9BE7E19F73}"
EndProject
Project("{9A19103F-16F7-4668-BE54-9A1E7A4F7556}") = "11_Inheritance", "11_Inheritance\11_Inheritance.csproj", "{EFE11C2C-E3FE-4CFF-BDF8-132056425F80}"
EndProject
Project("{9A19103F-16F7-4668-BE54-9A1E7A4F7556}") = "12_polymorphism", "12_polymorphism\12_polymorphism.csproj", "{2D9E741C-1863-4FE8-872E-99EF88DFA3DF}"
EndProject
Project("{9A19103F-16F7-4668-BE54-9A1E7A4F7556}") = "13_Constructor", "13_Constructor\13_Constructor.csproj", "{26E0BBA6-4160-4D73-8AEA-1815D42605A5}"
EndProject
Project("{FAE04EC0-301F-11D3-BF4B-00C04F79EFBC}") = "14_Encapsulation", "14_Encapsulation\14_Encapsulation.csproj", "{B048ECB8-E853-4CDB-BD29-D5392E411083}"
EndProject
Global
	GlobalSection(SolutionConfigurationPlatforms) = preSolution
		Debug|Any CPU = Debug|Any CPU
		Release|Any CPU = Release|Any CPU
	EndGlobalSection
	GlobalSection(ProjectConfigurationPlatforms) = postSolution
		{61F733A8-63AA-47C0-86AE-F529F1131E67}.Debug|Any CPU.ActiveCfg = Debug|Any CPU
		{61F733A8-63AA-47C0-86AE-F529F1131E67}.Debug|Any CPU.Build.0 = Debug|Any CPU
		{61F733A8-63AA-47C0-86AE-F529F1131E67}.Release|Any CPU.ActiveCfg = Release|Any CPU
		{61F733A8-63AA-47C0-86AE-F529F1131E67}.Release|Any CPU.Build.0 = Release|Any CPU
		{27238A67-57E4-4066-9DB1-1E9BE7E19F73}.Debug|Any CPU.ActiveCfg = Debug|Any CPU
		{27238A67-57E4-4066-9DB1-1E9BE7E19F73}.Debug|Any CPU.Build.0 = Debug|Any CPU
		{27238A67-57E4-4066-9DB1-1E9BE7E19F73}.Release|Any CPU.ActiveCfg = Release|Any CPU
		{27238A67-57E4-4066-9DB1-1E9BE7E19F73}.Release|Any CPU.Build.0 = Release|Any CPU
		{EFE11C2C-E3FE-4CFF-BDF8-132056425F80}.Debug|Any CPU.ActiveCfg = Debug|Any CPU
		{EFE11C2C-E3FE-4CFF-BDF8-132056425F80}.Debug|Any CPU.Build.0 = Debug|Any CPU
		{EFE11C2C-E3FE-4CFF-BDF8-132056425F80}.Release|Any CPU.ActiveCfg = Release|Any CPU
		{EFE11C2C-E3FE-4CFF-BDF8-132056425F80}.Release|Any CPU.Build.0 = Release|Any CPU
		{2D9E741C-1863-4FE8-872E-99EF88DFA3DF}.Debug|Any CPU.ActiveCfg = Debug|Any CPU
		{2D9E741C-1863-4FE8-872E-99EF88DFA3DF}.Debug|Any CPU.Build.0 = Debug|Any CPU
		{2D9E741C-1863-4FE8-872E-99EF88DFA3DF}.Release|Any CPU.ActiveCfg = Release|Any CPU
		{2D9E741C-1863-4FE8-872E-99EF88DFA3DF}.Release|Any CPU.Build.0 = Release|Any CPU
		{26E0BBA6-4160-4D73-8AEA-1815D42605A5}.Debug|Any CPU.ActiveCfg = Debug|Any CPU
		{26E0BBA6-4160-4D73-8AEA-1815D42605A5}.Debug|Any CPU.Build.0 = Debug|Any CPU
		{26E0BBA6-4160-4D73-8AEA-1815D42605A5}.Release|Any CPU.ActiveCfg = Release|Any CPU
		{26E0BBA6-4160-4D73-8AEA-1815D42605A5}.Release|Any CPU.Build.0 = Release|Any CPU
		{B048ECB8-E853-4CDB-BD29-D5392E411083}.Debug|Any CPU.ActiveCfg = Debug|Any CPU
		{B048ECB8-E853-4CDB-BD29-D5392E411083}.Debug|Any CPU.Build.0 = Debug|Any CPU
		{B048ECB8-E853-4CDB-BD29-D5392E411083}.Release|Any CPU.ActiveCfg = Release|Any CPU
		{B048ECB8-E853-4CDB-BD29-D5392E411083}.Release|Any CPU.Build.0 = Release|Any CPU
	EndGlobalSection
	GlobalSection(SolutionProperties) = preSolution
		HideSolutionNode = FALSE
	EndGlobalSection
	GlobalSection(ExtensibilityGlobals) = postSolution
		SolutionGuid = {9080DEA3-F28C-4470-99D1-99F1EA5D20A8}
	EndGlobalSection
EndGlobal
